// !$*UTF8*$!
{
	archiveVersion = 1;
	classes = {
	};
	objectVersion = 46;
	objects = {

/* Begin PBXBuildFile section */
		6F07B15C1E812CDE00D7E221 /* NSString+Category.m in Sources */ = {isa = PBXBuildFile; fileRef = 6F07B15B1E812CDE00D7E221 /* NSString+Category.m */; };
		6F07B15F1E812EB300D7E221 /* Factory.m in Sources */ = {isa = PBXBuildFile; fileRef = 6F07B15E1E812EB300D7E221 /* Factory.m */; };
		6F07B1621E812EE600D7E221 /* UIView+Category.m in Sources */ = {isa = PBXBuildFile; fileRef = 6F07B1611E812EE600D7E221 /* UIView+Category.m */; };
		6F23D30E1E96101300DC15D2 /* AboutViewController.m in Sources */ = {isa = PBXBuildFile; fileRef = 6F23D30C1E96101300DC15D2 /* AboutViewController.m */; };
		6F23D30F1E96101300DC15D2 /* AboutViewController.xib in Resources */ = {isa = PBXBuildFile; fileRef = 6F23D30D1E96101300DC15D2 /* AboutViewController.xib */; };
		6F23D3121E96113700DC15D2 /* BaseTabC.m in Sources */ = {isa = PBXBuildFile; fileRef = 6F23D3111E96113700DC15D2 /* BaseTabC.m */; };
		6F23D3181E9668C200DC15D2 /* SMS_SDK.framework in Frameworks */ = {isa = PBXBuildFile; fileRef = 6F23D3151E9668C200DC15D2 /* SMS_SDK.framework */; };
		6F23D3191E9668C200DC15D2 /* SMSUIVerificationCodeViewController.m in Sources */ = {isa = PBXBuildFile; fileRef = 6F23D3171E9668C200DC15D2 /* SMSUIVerificationCodeViewController.m */; };
		6F23D31E1E966B7100DC15D2 /* RegViewController.m in Sources */ = {isa = PBXBuildFile; fileRef = 6F23D31B1E966B7100DC15D2 /* RegViewController.m */; };
		6F23D31F1E966B7100DC15D2 /* VerifyViewController.m in Sources */ = {isa = PBXBuildFile; fileRef = 6F23D31D1E966B7100DC15D2 /* VerifyViewController.m */; };
		6F23D3271E966DE500DC15D2 /* MOBFoundation.framework in Frameworks */ = {isa = PBXBuildFile; fileRef = 6F23D3241E966DE500DC15D2 /* MOBFoundation.framework */; };
		6F23D3281E966DE500DC15D2 /* MOBFoundationEx.framework in Frameworks */ = {isa = PBXBuildFile; fileRef = 6F23D3251E966DE500DC15D2 /* MOBFoundationEx.framework */; };
		6F23D3291E966DE500DC15D2 /* SMSSDKUI.bundle in Resources */ = {isa = PBXBuildFile; fileRef = 6F23D3261E966DE500DC15D2 /* SMSSDKUI.bundle */; };
		6F23D32C1E966E2C00DC15D2 /* libicucore.tbd in Frameworks */ = {isa = PBXBuildFile; fileRef = 6F23D32B1E966E2C00DC15D2 /* libicucore.tbd */; };
		6F23D32E1E966E3900DC15D2 /* libstdc++.tbd in Frameworks */ = {isa = PBXBuildFile; fileRef = 6F23D32D1E966E3900DC15D2 /* libstdc++.tbd */; };
		6F23D33F1E966EE500DC15D2 /* SectionsViewController.m in Sources */ = {isa = PBXBuildFile; fileRef = 6F23D33E1E966EE500DC15D2 /* SectionsViewController.m */; };
		6F4F95091E8CEDC80053F9EB /* Car.m in Sources */ = {isa = PBXBuildFile; fileRef = 6F4F95081E8CEDC80053F9EB /* Car.m */; };
		6F4F950C1E8CEDDF0053F9EB /* LostItem.m in Sources */ = {isa = PBXBuildFile; fileRef = 6F4F950B1E8CEDDF0053F9EB /* LostItem.m */; };
		6F4F950F1E8CEDFE0053F9EB /* RepairFactory4S.m in Sources */ = {isa = PBXBuildFile; fileRef = 6F4F950E1E8CEDFE0053F9EB /* RepairFactory4S.m */; };
		6F4F95121E8CEE1B0053F9EB /* ManagementBrand.m in Sources */ = {isa = PBXBuildFile; fileRef = 6F4F95111E8CEE1B0053F9EB /* ManagementBrand.m */; };
		6F4F95151E8D11B60053F9EB /* ConfigData.m in Sources */ = {isa = PBXBuildFile; fileRef = 6F4F95141E8D11B60053F9EB /* ConfigData.m */; };
		6F4F95191E8D17F90053F9EB /* StandardWorkHours.plist in Resources */ = {isa = PBXBuildFile; fileRef = 6F4F95181E8D17F90053F9EB /* StandardWorkHours.plist */; };
		6F4F951B1E8D28970053F9EB /* NoBrand.plist in Resources */ = {isa = PBXBuildFile; fileRef = 6F4F951A1E8D28970053F9EB /* NoBrand.plist */; };
		6F4F95261E8E28C70053F9EB /* ErrorLog+CoreDataClass.m in Sources */ = {isa = PBXBuildFile; fileRef = 6F4F95231E8E28C70053F9EB /* ErrorLog+CoreDataClass.m */; };
		6F4F95271E8E28C70053F9EB /* ErrorLog+CoreDataProperties.m in Sources */ = {isa = PBXBuildFile; fileRef = 6F4F95251E8E28C70053F9EB /* ErrorLog+CoreDataProperties.m */; };
		6F50DCC11E87A5C800FEAAD6 /* Lostdamage.m in Sources */ = {isa = PBXBuildFile; fileRef = 6F50DCC01E87A5C800FEAAD6 /* Lostdamage.m */; };
		6F594CA41E84F1C9005F9B24 /* UIImageView+Size.m in Sources */ = {isa = PBXBuildFile; fileRef = 6F594CA31E84F1C9005F9B24 /* UIImageView+Size.m */; };
		6F594CA71E84F2C3005F9B24 /* UILabel+Category.m in Sources */ = {isa = PBXBuildFile; fileRef = 6F594CA61E84F2C3005F9B24 /* UILabel+Category.m */; };
		6F7051281E80F66D00272550 /* User+CoreDataClass.m in Sources */ = {isa = PBXBuildFile; fileRef = 6F7051251E80F66D00272550 /* User+CoreDataClass.m */; };
		6F7051291E80F66D00272550 /* User+CoreDataProperties.m in Sources */ = {isa = PBXBuildFile; fileRef = 6F7051271E80F66D00272550 /* User+CoreDataProperties.m */; };
		6F70512E1E80F87600272550 /* Cache+CoreDataClass.m in Sources */ = {isa = PBXBuildFile; fileRef = 6F70512B1E80F87600272550 /* Cache+CoreDataClass.m */; };
		6F70512F1E80F87600272550 /* Cache+CoreDataProperties.m in Sources */ = {isa = PBXBuildFile; fileRef = 6F70512D1E80F87600272550 /* Cache+CoreDataProperties.m */; };
		6F7051321E80F8E600272550 /* CoreData.m in Sources */ = {isa = PBXBuildFile; fileRef = 6F7051311E80F8E600272550 /* CoreData.m */; };
		6FA0120A1E8734090003E649 /* NSTimer+PauseTimerEMDT.m in Sources */ = {isa = PBXBuildFile; fileRef = 6FA012091E8734090003E649 /* NSTimer+PauseTimerEMDT.m */; };
		6FDEA4EF1E94863E001C2525 /* SlideView.m in Sources */ = {isa = PBXBuildFile; fileRef = 6FDEA4EC1E94863E001C2525 /* SlideView.m */; };
		6FDEA4F01E94863E001C2525 /* UIView+Ext.m in Sources */ = {isa = PBXBuildFile; fileRef = 6FDEA4EE1E94863E001C2525 /* UIView+Ext.m */; };
		6FDEA4F31E948991001C2525 /* Verification.m in Sources */ = {isa = PBXBuildFile; fileRef = 6FDEA4F21E948991001C2525 /* Verification.m */; };
		6FDEA5001E948BD0001C2525 /* UIViewController+View.m in Sources */ = {isa = PBXBuildFile; fileRef = 6FDEA4F61E948BD0001C2525 /* UIViewController+View.m */; };
		6FDEA5011E948BD0001C2525 /* ForgetViewController.m in Sources */ = {isa = PBXBuildFile; fileRef = 6FDEA4F91E948BD0001C2525 /* ForgetViewController.m */; };
		6FDEA5021E948BD0001C2525 /* ModifyViewController.m in Sources */ = {isa = PBXBuildFile; fileRef = 6FDEA4FB1E948BD0001C2525 /* ModifyViewController.m */; };
		6FDEA5031E948BD0001C2525 /* SignViewController.m in Sources */ = {isa = PBXBuildFile; fileRef = 6FDEA4FD1E948BD0001C2525 /* SignViewController.m */; };
		6FDEA5041E948BD0001C2525 /* ViewController.m in Sources */ = {isa = PBXBuildFile; fileRef = 6FDEA4FF1E948BD0001C2525 /* ViewController.m */; };
		6FDEA50D1E949ECC001C2525 /* AppDelegate+JPush.m in Sources */ = {isa = PBXBuildFile; fileRef = 6FDEA50C1E949ECC001C2525 /* AppDelegate+JPush.m */; };
		6FDEA5171E94CC4B001C2525 /* MyUserController.m in Sources */ = {isa = PBXBuildFile; fileRef = 6FDEA5161E94CC4B001C2525 /* MyUserController.m */; };
		6FDEA51F1E94CCFF001C2525 /* SetController.m in Sources */ = {isa = PBXBuildFile; fileRef = 6FDEA51E1E94CCFF001C2525 /* SetController.m */; };
		6FDEA5241E94CFB1001C2525 /* MessageCenterController.m in Sources */ = {isa = PBXBuildFile; fileRef = 6FDEA5231E94CFB1001C2525 /* MessageCenterController.m */; };
		6FDEA5271E94D01D001C2525 /* HistoryDamageController.m in Sources */ = {isa = PBXBuildFile; fileRef = 6FDEA5261E94D01D001C2525 /* HistoryDamageController.m */; };
		6FFF758F1E7FDF7F00C72937 /* CoreData.framework in Frameworks */ = {isa = PBXBuildFile; fileRef = 6FFF758E1E7FDF7F00C72937 /* CoreData.framework */; };
		6FFF75D51E80D52A00C72937 /* AssessDamage.xcdatamodeld in Sources */ = {isa = PBXBuildFile; fileRef = 6FFF75D31E80D52A00C72937 /* AssessDamage.xcdatamodeld */; };
		DAB0F1DE1E7E07F500120478 /* main.m in Sources */ = {isa = PBXBuildFile; fileRef = DAB0F1DD1E7E07F500120478 /* main.m */; };
		DAB0F1E71E7E07F500120478 /* Main.storyboard in Resources */ = {isa = PBXBuildFile; fileRef = DAB0F1E51E7E07F500120478 /* Main.storyboard */; };
		DAB0F1EC1E7E07F500120478 /* Assets.xcassets in Resources */ = {isa = PBXBuildFile; fileRef = DAB0F1EB1E7E07F500120478 /* Assets.xcassets */; };
		DAB0F1EF1E7E07F500120478 /* LaunchScreen.storyboard in Resources */ = {isa = PBXBuildFile; fileRef = DAB0F1ED1E7E07F500120478 /* LaunchScreen.storyboard */; };
		DAB0F2181E7E0AB000120478 /* AppDelegate.m in Sources */ = {isa = PBXBuildFile; fileRef = DAB0F20C1E7E0AB000120478 /* AppDelegate.m */; };
		DAB0F2201E7E0B1000120478 /* BaseM.m in Sources */ = {isa = PBXBuildFile; fileRef = DAB0F21F1E7E0B1000120478 /* BaseM.m */; };
		DAB0F2231E7E0B2700120478 /* BaseV.m in Sources */ = {isa = PBXBuildFile; fileRef = DAB0F2221E7E0B2700120478 /* BaseV.m */; };
		DAB0F2261E7E0B4000120478 /* BaseC.m in Sources */ = {isa = PBXBuildFile; fileRef = DAB0F2251E7E0B4000120478 /* BaseC.m */; };
		DAB0F24B1E7E16BC00120478 /* MyUser.m in Sources */ = {isa = PBXBuildFile; fileRef = DAB0F24A1E7E16BC00120478 /* MyUser.m */; };
		DAB0F24F1E7E185D00120478 /* NSObject+Property.m in Sources */ = {isa = PBXBuildFile; fileRef = DAB0F24E1E7E185D00120478 /* NSObject+Property.m */; };
		DAB0F2511E7E1A1600120478 /* Config.plist in Resources */ = {isa = PBXBuildFile; fileRef = DAB0F2501E7E1A1600120478 /* Config.plist */; };
		DAB0F2551E7E1D1D00120478 /* Tool.m in Sources */ = {isa = PBXBuildFile; fileRef = DAB0F2541E7E1D1D00120478 /* Tool.m */; };
		F48854C59308925ECC0D8788 /* libPods-AssessDamage.a in Frameworks */ = {isa = PBXBuildFile; fileRef = 7CF7974F6A548F5E0733AD96 /* libPods-AssessDamage.a */; };
/* End PBXBuildFile section */

/* Begin PBXFileReference section */
		431DCED361E5037F7C298A19 /* Pods-AssessDamage.debug.xcconfig */ = {isa = PBXFileReference; includeInIndex = 1; lastKnownFileType = text.xcconfig; name = "Pods-AssessDamage.debug.xcconfig"; path = "Pods/Target Support Files/Pods-AssessDamage/Pods-AssessDamage.debug.xcconfig"; sourceTree = "<group>"; };
		6F07B15A1E812CDE00D7E221 /* NSString+Category.h */ = {isa = PBXFileReference; fileEncoding = 4; lastKnownFileType = sourcecode.c.h; path = "NSString+Category.h"; sourceTree = "<group>"; };
		6F07B15B1E812CDE00D7E221 /* NSString+Category.m */ = {isa = PBXFileReference; fileEncoding = 4; lastKnownFileType = sourcecode.c.objc; path = "NSString+Category.m"; sourceTree = "<group>"; };
		6F07B15D1E812EB300D7E221 /* Factory.h */ = {isa = PBXFileReference; fileEncoding = 4; lastKnownFileType = sourcecode.c.h; path = Factory.h; sourceTree = "<group>"; };
		6F07B15E1E812EB300D7E221 /* Factory.m */ = {isa = PBXFileReference; fileEncoding = 4; lastKnownFileType = sourcecode.c.objc; path = Factory.m; sourceTree = "<group>"; };
		6F07B1601E812EE600D7E221 /* UIView+Category.h */ = {isa = PBXFileReference; fileEncoding = 4; lastKnownFileType = sourcecode.c.h; path = "UIView+Category.h"; sourceTree = "<group>"; };
		6F07B1611E812EE600D7E221 /* UIView+Category.m */ = {isa = PBXFileReference; fileEncoding = 4; lastKnownFileType = sourcecode.c.objc; path = "UIView+Category.m"; sourceTree = "<group>"; };
		6F23D30B1E96101300DC15D2 /* AboutViewController.h */ = {isa = PBXFileReference; fileEncoding = 4; lastKnownFileType = sourcecode.c.h; path = AboutViewController.h; sourceTree = "<group>"; };
		6F23D30C1E96101300DC15D2 /* AboutViewController.m */ = {isa = PBXFileReference; fileEncoding = 4; lastKnownFileType = sourcecode.c.objc; path = AboutViewController.m; sourceTree = "<group>"; };
		6F23D30D1E96101300DC15D2 /* AboutViewController.xib */ = {isa = PBXFileReference; fileEncoding = 4; lastKnownFileType = file.xib; path = AboutViewController.xib; sourceTree = "<group>"; };
		6F23D3101E96113700DC15D2 /* BaseTabC.h */ = {isa = PBXFileReference; fileEncoding = 4; lastKnownFileType = sourcecode.c.h; path = BaseTabC.h; sourceTree = "<group>"; };
		6F23D3111E96113700DC15D2 /* BaseTabC.m */ = {isa = PBXFileReference; fileEncoding = 4; lastKnownFileType = sourcecode.c.objc; path = BaseTabC.m; sourceTree = "<group>"; };
		6F23D3151E9668C200DC15D2 /* SMS_SDK.framework */ = {isa = PBXFileReference; lastKnownFileType = wrapper.framework; path = SMS_SDK.framework; sourceTree = "<group>"; };
		6F23D3161E9668C200DC15D2 /* SMSUIVerificationCodeViewController.h */ = {isa = PBXFileReference; fileEncoding = 4; lastKnownFileType = sourcecode.c.h; path = SMSUIVerificationCodeViewController.h; sourceTree = "<group>"; };
		6F23D3171E9668C200DC15D2 /* SMSUIVerificationCodeViewController.m */ = {isa = PBXFileReference; fileEncoding = 4; lastKnownFileType = sourcecode.c.objc; path = SMSUIVerificationCodeViewController.m; sourceTree = "<group>"; };
		6F23D31A1E966B7100DC15D2 /* RegViewController.h */ = {isa = PBXFileReference; fileEncoding = 4; lastKnownFileType = sourcecode.c.h; path = RegViewController.h; sourceTree = "<group>"; };
		6F23D31B1E966B7100DC15D2 /* RegViewController.m */ = {isa = PBXFileReference; fileEncoding = 4; lastKnownFileType = sourcecode.c.objc; path = RegViewController.m; sourceTree = "<group>"; };
		6F23D31C1E966B7100DC15D2 /* VerifyViewController.h */ = {isa = PBXFileReference; fileEncoding = 4; lastKnownFileType = sourcecode.c.h; path = VerifyViewController.h; sourceTree = "<group>"; };
		6F23D31D1E966B7100DC15D2 /* VerifyViewController.m */ = {isa = PBXFileReference; fileEncoding = 4; lastKnownFileType = sourcecode.c.objc; path = VerifyViewController.m; sourceTree = "<group>"; };
		6F23D3201E966BB700DC15D2 /* SMSUIVerificationCodeViewResultDef.h */ = {isa = PBXFileReference; fileEncoding = 4; lastKnownFileType = sourcecode.c.h; path = SMSUIVerificationCodeViewResultDef.h; sourceTree = "<group>"; };
		6F23D3211E966C3400DC15D2 /* SectionsViewController.h */ = {isa = PBXFileReference; fileEncoding = 4; lastKnownFileType = sourcecode.c.h; path = SectionsViewController.h; sourceTree = "<group>"; };
		6F23D3221E966D4A00DC15D2 /* libz.tbd */ = {isa = PBXFileReference; lastKnownFileType = "sourcecode.text-based-dylib-definition"; name = libz.tbd; path = usr/lib/libz.tbd; sourceTree = SDKROOT; };
		6F23D3241E966DE500DC15D2 /* MOBFoundation.framework */ = {isa = PBXFileReference; lastKnownFileType = wrapper.framework; path = MOBFoundation.framework; sourceTree = "<group>"; };
		6F23D3251E966DE500DC15D2 /* MOBFoundationEx.framework */ = {isa = PBXFileReference; lastKnownFileType = wrapper.framework; path = MOBFoundationEx.framework; sourceTree = "<group>"; };
		6F23D3261E966DE500DC15D2 /* SMSSDKUI.bundle */ = {isa = PBXFileReference; lastKnownFileType = "wrapper.plug-in"; path = SMSSDKUI.bundle; sourceTree = "<group>"; };
		6F23D32B1E966E2C00DC15D2 /* libicucore.tbd */ = {isa = PBXFileReference; lastKnownFileType = "sourcecode.text-based-dylib-definition"; name = libicucore.tbd; path = usr/lib/libicucore.tbd; sourceTree = SDKROOT; };
		6F23D32D1E966E3900DC15D2 /* libstdc++.tbd */ = {isa = PBXFileReference; lastKnownFileType = "sourcecode.text-based-dylib-definition"; name = "libstdc++.tbd"; path = "usr/lib/libstdc++.tbd"; sourceTree = SDKROOT; };
		6F23D3301E966E5700DC15D2 /* AdSupport.framework */ = {isa = PBXFileReference; lastKnownFileType = wrapper.framework; name = AdSupport.framework; path = System/Library/Frameworks/AdSupport.framework; sourceTree = SDKROOT; };
		6F23D3321E966E5F00DC15D2 /* CoreTelephony.framework */ = {isa = PBXFileReference; lastKnownFileType = wrapper.framework; name = CoreTelephony.framework; path = System/Library/Frameworks/CoreTelephony.framework; sourceTree = SDKROOT; };
		6F23D3341E966E6800DC15D2 /* SystemConfiguration.framework */ = {isa = PBXFileReference; lastKnownFileType = wrapper.framework; name = SystemConfiguration.framework; path = System/Library/Frameworks/SystemConfiguration.framework; sourceTree = SDKROOT; };
		6F23D3361E966E7300DC15D2 /* JavaScriptCore.framework */ = {isa = PBXFileReference; lastKnownFileType = wrapper.framework; name = JavaScriptCore.framework; path = System/Library/Frameworks/JavaScriptCore.framework; sourceTree = SDKROOT; };
		6F23D3381E966E7E00DC15D2 /* Security.framework */ = {isa = PBXFileReference; lastKnownFileType = wrapper.framework; name = Security.framework; path = System/Library/Frameworks/Security.framework; sourceTree = SDKROOT; };
		6F23D33A1E966E8B00DC15D2 /* MessageUI.framework */ = {isa = PBXFileReference; lastKnownFileType = wrapper.framework; name = MessageUI.framework; path = System/Library/Frameworks/MessageUI.framework; sourceTree = SDKROOT; };
		6F23D33C1E966E9E00DC15D2 /* CoreGraphics.framework */ = {isa = PBXFileReference; lastKnownFileType = wrapper.framework; name = CoreGraphics.framework; path = System/Library/Frameworks/CoreGraphics.framework; sourceTree = SDKROOT; };
		6F23D33E1E966EE500DC15D2 /* SectionsViewController.m */ = {isa = PBXFileReference; fileEncoding = 4; lastKnownFileType = sourcecode.c.objc; path = SectionsViewController.m; sourceTree = "<group>"; };
		6F4F95071E8CEDC80053F9EB /* Car.h */ = {isa = PBXFileReference; fileEncoding = 4; lastKnownFileType = sourcecode.c.h; path = Car.h; sourceTree = "<group>"; };
		6F4F95081E8CEDC80053F9EB /* Car.m */ = {isa = PBXFileReference; fileEncoding = 4; lastKnownFileType = sourcecode.c.objc; path = Car.m; sourceTree = "<group>"; };
		6F4F950A1E8CEDDF0053F9EB /* LostItem.h */ = {isa = PBXFileReference; fileEncoding = 4; lastKnownFileType = sourcecode.c.h; path = LostItem.h; sourceTree = "<group>"; };
		6F4F950B1E8CEDDF0053F9EB /* LostItem.m */ = {isa = PBXFileReference; fileEncoding = 4; lastKnownFileType = sourcecode.c.objc; path = LostItem.m; sourceTree = "<group>"; };
		6F4F950D1E8CEDFE0053F9EB /* RepairFactory4S.h */ = {isa = PBXFileReference; fileEncoding = 4; lastKnownFileType = sourcecode.c.h; path = RepairFactory4S.h; sourceTree = "<group>"; };
		6F4F950E1E8CEDFE0053F9EB /* RepairFactory4S.m */ = {isa = PBXFileReference; fileEncoding = 4; lastKnownFileType = sourcecode.c.objc; path = RepairFactory4S.m; sourceTree = "<group>"; };
		6F4F95101E8CEE1B0053F9EB /* ManagementBrand.h */ = {isa = PBXFileReference; fileEncoding = 4; lastKnownFileType = sourcecode.c.h; path = ManagementBrand.h; sourceTree = "<group>"; };
		6F4F95111E8CEE1B0053F9EB /* ManagementBrand.m */ = {isa = PBXFileReference; fileEncoding = 4; lastKnownFileType = sourcecode.c.objc; path = ManagementBrand.m; sourceTree = "<group>"; };
		6F4F95131E8D11B60053F9EB /* ConfigData.h */ = {isa = PBXFileReference; fileEncoding = 4; lastKnownFileType = sourcecode.c.h; path = ConfigData.h; sourceTree = "<group>"; };
		6F4F95141E8D11B60053F9EB /* ConfigData.m */ = {isa = PBXFileReference; fileEncoding = 4; lastKnownFileType = sourcecode.c.objc; path = ConfigData.m; sourceTree = "<group>"; };
		6F4F95181E8D17F90053F9EB /* StandardWorkHours.plist */ = {isa = PBXFileReference; fileEncoding = 4; lastKnownFileType = text.plist.xml; path = StandardWorkHours.plist; sourceTree = "<group>"; };
		6F4F951A1E8D28970053F9EB /* NoBrand.plist */ = {isa = PBXFileReference; fileEncoding = 4; lastKnownFileType = text.plist.xml; path = NoBrand.plist; sourceTree = "<group>"; };
		6F4F95221E8E28C70053F9EB /* ErrorLog+CoreDataClass.h */ = {isa = PBXFileReference; fileEncoding = 4; lastKnownFileType = sourcecode.c.h; path = "ErrorLog+CoreDataClass.h"; sourceTree = "<group>"; };
		6F4F95231E8E28C70053F9EB /* ErrorLog+CoreDataClass.m */ = {isa = PBXFileReference; fileEncoding = 4; lastKnownFileType = sourcecode.c.objc; path = "ErrorLog+CoreDataClass.m"; sourceTree = "<group>"; };
		6F4F95241E8E28C70053F9EB /* ErrorLog+CoreDataProperties.h */ = {isa = PBXFileReference; fileEncoding = 4; lastKnownFileType = sourcecode.c.h; path = "ErrorLog+CoreDataProperties.h"; sourceTree = "<group>"; };
		6F4F95251E8E28C70053F9EB /* ErrorLog+CoreDataProperties.m */ = {isa = PBXFileReference; fileEncoding = 4; lastKnownFileType = sourcecode.c.objc; path = "ErrorLog+CoreDataProperties.m"; sourceTree = "<group>"; };
		6F50DCBF1E87A5C800FEAAD6 /* Lostdamage.h */ = {isa = PBXFileReference; fileEncoding = 4; lastKnownFileType = sourcecode.c.h; path = Lostdamage.h; sourceTree = "<group>"; };
		6F50DCC01E87A5C800FEAAD6 /* Lostdamage.m */ = {isa = PBXFileReference; fileEncoding = 4; lastKnownFileType = sourcecode.c.objc; path = Lostdamage.m; sourceTree = "<group>"; };
		6F594C9E1E84EF03005F9B24 /* Define.h */ = {isa = PBXFileReference; lastKnownFileType = sourcecode.c.h; path = Define.h; sourceTree = "<group>"; };
		6F594CA21E84F1C9005F9B24 /* UIImageView+Size.h */ = {isa = PBXFileReference; fileEncoding = 4; lastKnownFileType = sourcecode.c.h; path = "UIImageView+Size.h"; sourceTree = "<group>"; };
		6F594CA31E84F1C9005F9B24 /* UIImageView+Size.m */ = {isa = PBXFileReference; fileEncoding = 4; lastKnownFileType = sourcecode.c.objc; path = "UIImageView+Size.m"; sourceTree = "<group>"; };
		6F594CA51E84F2C3005F9B24 /* UILabel+Category.h */ = {isa = PBXFileReference; fileEncoding = 4; lastKnownFileType = sourcecode.c.h; path = "UILabel+Category.h"; sourceTree = "<group>"; };
		6F594CA61E84F2C3005F9B24 /* UILabel+Category.m */ = {isa = PBXFileReference; fileEncoding = 4; lastKnownFileType = sourcecode.c.objc; path = "UILabel+Category.m"; sourceTree = "<group>"; };
		6F7051231E80F52600272550 /* AssessDamage2.xcdatamodel */ = {isa = PBXFileReference; lastKnownFileType = wrapper.xcdatamodel; path = AssessDamage2.xcdatamodel; sourceTree = "<group>"; };
		6F7051241E80F66D00272550 /* User+CoreDataClass.h */ = {isa = PBXFileReference; fileEncoding = 4; lastKnownFileType = sourcecode.c.h; path = "User+CoreDataClass.h"; sourceTree = "<group>"; };
		6F7051251E80F66D00272550 /* User+CoreDataClass.m */ = {isa = PBXFileReference; fileEncoding = 4; lastKnownFileType = sourcecode.c.objc; path = "User+CoreDataClass.m"; sourceTree = "<group>"; };
		6F7051261E80F66D00272550 /* User+CoreDataProperties.h */ = {isa = PBXFileReference; fileEncoding = 4; lastKnownFileType = sourcecode.c.h; path = "User+CoreDataProperties.h"; sourceTree = "<group>"; };
		6F7051271E80F66D00272550 /* User+CoreDataProperties.m */ = {isa = PBXFileReference; fileEncoding = 4; lastKnownFileType = sourcecode.c.objc; path = "User+CoreDataProperties.m"; sourceTree = "<group>"; };
		6F70512A1E80F87600272550 /* Cache+CoreDataClass.h */ = {isa = PBXFileReference; fileEncoding = 4; lastKnownFileType = sourcecode.c.h; path = "Cache+CoreDataClass.h"; sourceTree = "<group>"; };
		6F70512B1E80F87600272550 /* Cache+CoreDataClass.m */ = {isa = PBXFileReference; fileEncoding = 4; lastKnownFileType = sourcecode.c.objc; path = "Cache+CoreDataClass.m"; sourceTree = "<group>"; };
		6F70512C1E80F87600272550 /* Cache+CoreDataProperties.h */ = {isa = PBXFileReference; fileEncoding = 4; lastKnownFileType = sourcecode.c.h; path = "Cache+CoreDataProperties.h"; sourceTree = "<group>"; };
		6F70512D1E80F87600272550 /* Cache+CoreDataProperties.m */ = {isa = PBXFileReference; fileEncoding = 4; lastKnownFileType = sourcecode.c.objc; path = "Cache+CoreDataProperties.m"; sourceTree = "<group>"; };
		6F7051301E80F8E600272550 /* CoreData.h */ = {isa = PBXFileReference; fileEncoding = 4; lastKnownFileType = sourcecode.c.h; path = CoreData.h; sourceTree = "<group>"; };
		6F7051311E80F8E600272550 /* CoreData.m */ = {isa = PBXFileReference; fileEncoding = 4; lastKnownFileType = sourcecode.c.objc; path = CoreData.m; sourceTree = "<group>"; };
		6FA012081E8734090003E649 /* NSTimer+PauseTimerEMDT.h */ = {isa = PBXFileReference; fileEncoding = 4; lastKnownFileType = sourcecode.c.h; path = "NSTimer+PauseTimerEMDT.h"; sourceTree = "<group>"; };
		6FA012091E8734090003E649 /* NSTimer+PauseTimerEMDT.m */ = {isa = PBXFileReference; fileEncoding = 4; lastKnownFileType = sourcecode.c.objc; path = "NSTimer+PauseTimerEMDT.m"; sourceTree = "<group>"; };
		6FDEA4EB1E94863E001C2525 /* SlideView.h */ = {isa = PBXFileReference; fileEncoding = 4; lastKnownFileType = sourcecode.c.h; path = SlideView.h; sourceTree = "<group>"; };
		6FDEA4EC1E94863E001C2525 /* SlideView.m */ = {isa = PBXFileReference; fileEncoding = 4; lastKnownFileType = sourcecode.c.objc; path = SlideView.m; sourceTree = "<group>"; };
		6FDEA4ED1E94863E001C2525 /* UIView+Ext.h */ = {isa = PBXFileReference; fileEncoding = 4; lastKnownFileType = sourcecode.c.h; path = "UIView+Ext.h"; sourceTree = "<group>"; };
		6FDEA4EE1E94863E001C2525 /* UIView+Ext.m */ = {isa = PBXFileReference; fileEncoding = 4; lastKnownFileType = sourcecode.c.objc; path = "UIView+Ext.m"; sourceTree = "<group>"; };
		6FDEA4F11E948991001C2525 /* Verification.h */ = {isa = PBXFileReference; fileEncoding = 4; lastKnownFileType = sourcecode.c.h; path = Verification.h; sourceTree = "<group>"; };
		6FDEA4F21E948991001C2525 /* Verification.m */ = {isa = PBXFileReference; fileEncoding = 4; lastKnownFileType = sourcecode.c.objc; path = Verification.m; sourceTree = "<group>"; };
		6FDEA4F51E948BD0001C2525 /* UIViewController+View.h */ = {isa = PBXFileReference; fileEncoding = 4; lastKnownFileType = sourcecode.c.h; path = "UIViewController+View.h"; sourceTree = "<group>"; };
		6FDEA4F61E948BD0001C2525 /* UIViewController+View.m */ = {isa = PBXFileReference; fileEncoding = 4; lastKnownFileType = sourcecode.c.objc; path = "UIViewController+View.m"; sourceTree = "<group>"; };
		6FDEA4F81E948BD0001C2525 /* ForgetViewController.h */ = {isa = PBXFileReference; fileEncoding = 4; lastKnownFileType = sourcecode.c.h; path = ForgetViewController.h; sourceTree = "<group>"; };
		6FDEA4F91E948BD0001C2525 /* ForgetViewController.m */ = {isa = PBXFileReference; fileEncoding = 4; lastKnownFileType = sourcecode.c.objc; path = ForgetViewController.m; sourceTree = "<group>"; };
		6FDEA4FA1E948BD0001C2525 /* ModifyViewController.h */ = {isa = PBXFileReference; fileEncoding = 4; lastKnownFileType = sourcecode.c.h; path = ModifyViewController.h; sourceTree = "<group>"; };
		6FDEA4FB1E948BD0001C2525 /* ModifyViewController.m */ = {isa = PBXFileReference; fileEncoding = 4; lastKnownFileType = sourcecode.c.objc; path = ModifyViewController.m; sourceTree = "<group>"; };
		6FDEA4FC1E948BD0001C2525 /* SignViewController.h */ = {isa = PBXFileReference; fileEncoding = 4; lastKnownFileType = sourcecode.c.h; path = SignViewController.h; sourceTree = "<group>"; };
		6FDEA4FD1E948BD0001C2525 /* SignViewController.m */ = {isa = PBXFileReference; fileEncoding = 4; lastKnownFileType = sourcecode.c.objc; path = SignViewController.m; sourceTree = "<group>"; };
		6FDEA4FE1E948BD0001C2525 /* ViewController.h */ = {isa = PBXFileReference; fileEncoding = 4; lastKnownFileType = sourcecode.c.h; path = ViewController.h; sourceTree = "<group>"; };
		6FDEA4FF1E948BD0001C2525 /* ViewController.m */ = {isa = PBXFileReference; fileEncoding = 4; lastKnownFileType = sourcecode.c.objc; path = ViewController.m; sourceTree = "<group>"; };
		6FDEA50B1E949ECC001C2525 /* AppDelegate+JPush.h */ = {isa = PBXFileReference; fileEncoding = 4; lastKnownFileType = sourcecode.c.h; path = "AppDelegate+JPush.h"; sourceTree = "<group>"; };
		6FDEA50C1E949ECC001C2525 /* AppDelegate+JPush.m */ = {isa = PBXFileReference; fileEncoding = 4; lastKnownFileType = sourcecode.c.objc; path = "AppDelegate+JPush.m"; sourceTree = "<group>"; };
		6FDEA5141E94A985001C2525 /* AssessDamage.entitlements */ = {isa = PBXFileReference; lastKnownFileType = text.plist.entitlements; path = AssessDamage.entitlements; sourceTree = "<group>"; };
		6FDEA5151E94CC4B001C2525 /* MyUserController.h */ = {isa = PBXFileReference; fileEncoding = 4; lastKnownFileType = sourcecode.c.h; path = MyUserController.h; sourceTree = "<group>"; };
		6FDEA5161E94CC4B001C2525 /* MyUserController.m */ = {isa = PBXFileReference; fileEncoding = 4; lastKnownFileType = sourcecode.c.objc; path = MyUserController.m; sourceTree = "<group>"; };
		6FDEA51D1E94CCFF001C2525 /* SetController.h */ = {isa = PBXFileReference; fileEncoding = 4; lastKnownFileType = sourcecode.c.h; path = SetController.h; sourceTree = "<group>"; };
		6FDEA51E1E94CCFF001C2525 /* SetController.m */ = {isa = PBXFileReference; fileEncoding = 4; lastKnownFileType = sourcecode.c.objc; path = SetController.m; sourceTree = "<group>"; };
		6FDEA5221E94CFB1001C2525 /* MessageCenterController.h */ = {isa = PBXFileReference; fileEncoding = 4; lastKnownFileType = sourcecode.c.h; path = MessageCenterController.h; sourceTree = "<group>"; };
		6FDEA5231E94CFB1001C2525 /* MessageCenterController.m */ = {isa = PBXFileReference; fileEncoding = 4; lastKnownFileType = sourcecode.c.objc; path = MessageCenterController.m; sourceTree = "<group>"; };
		6FDEA5251E94D01D001C2525 /* HistoryDamageController.h */ = {isa = PBXFileReference; fileEncoding = 4; lastKnownFileType = sourcecode.c.h; path = HistoryDamageController.h; sourceTree = "<group>"; };
		6FDEA5261E94D01D001C2525 /* HistoryDamageController.m */ = {isa = PBXFileReference; fileEncoding = 4; lastKnownFileType = sourcecode.c.objc; path = HistoryDamageController.m; sourceTree = "<group>"; };
		6FFF758E1E7FDF7F00C72937 /* CoreData.framework */ = {isa = PBXFileReference; lastKnownFileType = wrapper.framework; name = CoreData.framework; path = System/Library/Frameworks/CoreData.framework; sourceTree = SDKROOT; };
		6FFF75D41E80D52A00C72937 /* AssessDamage.xcdatamodel */ = {isa = PBXFileReference; lastKnownFileType = wrapper.xcdatamodel; path = AssessDamage.xcdatamodel; sourceTree = "<group>"; };
		750C155D781C3EFECB2ABF55 /* Pods-AssessDamage.release.xcconfig */ = {isa = PBXFileReference; includeInIndex = 1; lastKnownFileType = text.xcconfig; name = "Pods-AssessDamage.release.xcconfig"; path = "Pods/Target Support Files/Pods-AssessDamage/Pods-AssessDamage.release.xcconfig"; sourceTree = "<group>"; };
		7CF7974F6A548F5E0733AD96 /* libPods-AssessDamage.a */ = {isa = PBXFileReference; explicitFileType = archive.ar; includeInIndex = 0; path = "libPods-AssessDamage.a"; sourceTree = BUILT_PRODUCTS_DIR; };
		DAB0F1D91E7E07F500120478 /* AssessDamage.app */ = {isa = PBXFileReference; explicitFileType = wrapper.application; includeInIndex = 0; path = AssessDamage.app; sourceTree = BUILT_PRODUCTS_DIR; };
		DAB0F1DD1E7E07F500120478 /* main.m */ = {isa = PBXFileReference; lastKnownFileType = sourcecode.c.objc; path = main.m; sourceTree = "<group>"; };
		DAB0F1E61E7E07F500120478 /* Base */ = {isa = PBXFileReference; lastKnownFileType = file.storyboard; name = Base; path = Base.lproj/Main.storyboard; sourceTree = "<group>"; };
		DAB0F1EB1E7E07F500120478 /* Assets.xcassets */ = {isa = PBXFileReference; lastKnownFileType = folder.assetcatalog; path = Assets.xcassets; sourceTree = "<group>"; };
		DAB0F1EE1E7E07F500120478 /* Base */ = {isa = PBXFileReference; lastKnownFileType = file.storyboard; name = Base; path = Base.lproj/LaunchScreen.storyboard; sourceTree = "<group>"; };
		DAB0F1F01E7E07F500120478 /* Info.plist */ = {isa = PBXFileReference; lastKnownFileType = text.plist.xml; path = Info.plist; sourceTree = "<group>"; };
		DAB0F20B1E7E0AB000120478 /* AppDelegate.h */ = {isa = PBXFileReference; fileEncoding = 4; lastKnownFileType = sourcecode.c.h; path = AppDelegate.h; sourceTree = "<group>"; };
		DAB0F20C1E7E0AB000120478 /* AppDelegate.m */ = {isa = PBXFileReference; fileEncoding = 4; lastKnownFileType = sourcecode.c.objc; path = AppDelegate.m; sourceTree = "<group>"; };
		DAB0F21E1E7E0B1000120478 /* BaseM.h */ = {isa = PBXFileReference; fileEncoding = 4; lastKnownFileType = sourcecode.c.h; path = BaseM.h; sourceTree = "<group>"; };
		DAB0F21F1E7E0B1000120478 /* BaseM.m */ = {isa = PBXFileReference; fileEncoding = 4; lastKnownFileType = sourcecode.c.objc; path = BaseM.m; sourceTree = "<group>"; };
		DAB0F2211E7E0B2700120478 /* BaseV.h */ = {isa = PBXFileReference; fileEncoding = 4; lastKnownFileType = sourcecode.c.h; path = BaseV.h; sourceTree = "<group>"; };
		DAB0F2221E7E0B2700120478 /* BaseV.m */ = {isa = PBXFileReference; fileEncoding = 4; lastKnownFileType = sourcecode.c.objc; path = BaseV.m; sourceTree = "<group>"; };
		DAB0F2241E7E0B4000120478 /* BaseC.h */ = {isa = PBXFileReference; fileEncoding = 4; lastKnownFileType = sourcecode.c.h; path = BaseC.h; sourceTree = "<group>"; };
		DAB0F2251E7E0B4000120478 /* BaseC.m */ = {isa = PBXFileReference; fileEncoding = 4; lastKnownFileType = sourcecode.c.objc; path = BaseC.m; sourceTree = "<group>"; };
		DAB0F2491E7E16BC00120478 /* MyUser.h */ = {isa = PBXFileReference; fileEncoding = 4; lastKnownFileType = sourcecode.c.h; path = MyUser.h; sourceTree = "<group>"; };
		DAB0F24A1E7E16BC00120478 /* MyUser.m */ = {isa = PBXFileReference; fileEncoding = 4; lastKnownFileType = sourcecode.c.objc; path = MyUser.m; sourceTree = "<group>"; };
		DAB0F24C1E7E16E000120478 /* PrefixHeader.pch */ = {isa = PBXFileReference; lastKnownFileType = sourcecode.c.h; path = PrefixHeader.pch; sourceTree = "<group>"; };
		DAB0F24D1E7E185D00120478 /* NSObject+Property.h */ = {isa = PBXFileReference; fileEncoding = 4; lastKnownFileType = sourcecode.c.h; path = "NSObject+Property.h"; sourceTree = "<group>"; };
		DAB0F24E1E7E185D00120478 /* NSObject+Property.m */ = {isa = PBXFileReference; fileEncoding = 4; lastKnownFileType = sourcecode.c.objc; path = "NSObject+Property.m"; sourceTree = "<group>"; };
		DAB0F2501E7E1A1600120478 /* Config.plist */ = {isa = PBXFileReference; fileEncoding = 4; lastKnownFileType = text.plist.xml; path = Config.plist; sourceTree = "<group>"; };
		DAB0F2531E7E1D1D00120478 /* Tool.h */ = {isa = PBXFileReference; fileEncoding = 4; lastKnownFileType = sourcecode.c.h; path = Tool.h; sourceTree = "<group>"; };
		DAB0F2541E7E1D1D00120478 /* Tool.m */ = {isa = PBXFileReference; fileEncoding = 4; lastKnownFileType = sourcecode.c.objc; path = Tool.m; sourceTree = "<group>"; };
/* End PBXFileReference section */

/* Begin PBXFrameworksBuildPhase section */
		DAB0F1D61E7E07F400120478 /* Frameworks */ = {
			isa = PBXFrameworksBuildPhase;
			buildActionMask = 2147483647;
			files = (
				6F23D32E1E966E3900DC15D2 /* libstdc++.tbd in Frameworks */,
				6F23D32C1E966E2C00DC15D2 /* libicucore.tbd in Frameworks */,
				6F23D3271E966DE500DC15D2 /* MOBFoundation.framework in Frameworks */,
				6F23D3181E9668C200DC15D2 /* SMS_SDK.framework in Frameworks */,
				6FFF758F1E7FDF7F00C72937 /* CoreData.framework in Frameworks */,
				F48854C59308925ECC0D8788 /* libPods-AssessDamage.a in Frameworks */,
				6F23D3281E966DE500DC15D2 /* MOBFoundationEx.framework in Frameworks */,
			);
			runOnlyForDeploymentPostprocessing = 0;
		};
/* End PBXFrameworksBuildPhase section */

/* Begin PBXGroup section */
		6F23D3141E9668C200DC15D2 /* SMSSDK */ = {
			isa = PBXGroup;
			children = (
				6F23D33E1E966EE500DC15D2 /* SectionsViewController.m */,
				6F23D3241E966DE500DC15D2 /* MOBFoundation.framework */,
				6F23D3251E966DE500DC15D2 /* MOBFoundationEx.framework */,
				6F23D3261E966DE500DC15D2 /* SMSSDKUI.bundle */,
				6F23D3211E966C3400DC15D2 /* SectionsViewController.h */,
				6F23D3201E966BB700DC15D2 /* SMSUIVerificationCodeViewResultDef.h */,
				6F23D31A1E966B7100DC15D2 /* RegViewController.h */,
				6F23D31B1E966B7100DC15D2 /* RegViewController.m */,
				6F23D31C1E966B7100DC15D2 /* VerifyViewController.h */,
				6F23D31D1E966B7100DC15D2 /* VerifyViewController.m */,
				6F23D3151E9668C200DC15D2 /* SMS_SDK.framework */,
				6F23D3161E9668C200DC15D2 /* SMSUIVerificationCodeViewController.h */,
				6F23D3171E9668C200DC15D2 /* SMSUIVerificationCodeViewController.m */,
			);
			path = SMSSDK;
			sourceTree = "<group>";
		};
		6F4F95061E8CEDBD0053F9EB /* model */ = {
			isa = PBXGroup;
			children = (
				6F4F95071E8CEDC80053F9EB /* Car.h */,
				6F4F95081E8CEDC80053F9EB /* Car.m */,
				6F4F950A1E8CEDDF0053F9EB /* LostItem.h */,
				6F4F950B1E8CEDDF0053F9EB /* LostItem.m */,
				6F4F950D1E8CEDFE0053F9EB /* RepairFactory4S.h */,
				6F4F950E1E8CEDFE0053F9EB /* RepairFactory4S.m */,
				6F4F95101E8CEE1B0053F9EB /* ManagementBrand.h */,
				6F4F95111E8CEE1B0053F9EB /* ManagementBrand.m */,
			);
			path = model;
			sourceTree = "<group>";
		};
		6F50DCBE1E87A5C800FEAAD6 /* Lostdamage */ = {
			isa = PBXGroup;
			children = (
				6F4F95061E8CEDBD0053F9EB /* model */,
				6F50DCBF1E87A5C800FEAAD6 /* Lostdamage.h */,
				6F50DCC01E87A5C800FEAAD6 /* Lostdamage.m */,
				6F4F95131E8D11B60053F9EB /* ConfigData.h */,
				6F4F95141E8D11B60053F9EB /* ConfigData.m */,
				6F4F95181E8D17F90053F9EB /* StandardWorkHours.plist */,
				6F4F951A1E8D28970053F9EB /* NoBrand.plist */,
			);
			path = Lostdamage;
			sourceTree = "<group>";
		};
		6FDEA4E91E94863E001C2525 /* lib */ = {
			isa = PBXGroup;
			children = (
				6F23D3141E9668C200DC15D2 /* SMSSDK */,
				6FDEA4EA1E94863E001C2525 /* SlideView */,
			);
			path = lib;
			sourceTree = "<group>";
		};
		6FDEA4EA1E94863E001C2525 /* SlideView */ = {
			isa = PBXGroup;
			children = (
				6FDEA4EB1E94863E001C2525 /* SlideView.h */,
				6FDEA4EC1E94863E001C2525 /* SlideView.m */,
				6FDEA4ED1E94863E001C2525 /* UIView+Ext.h */,
				6FDEA4EE1E94863E001C2525 /* UIView+Ext.m */,
			);
			path = SlideView;
			sourceTree = "<group>";
		};
		6FDEA4F41E948BD0001C2525 /* ControllerSource */ = {
			isa = PBXGroup;
			children = (
				6FDEA5201E94CF9D001C2525 /* AssessDamage */,
				6FDEA5211E94CF9D001C2525 /* MessageCenter */,
				6FDEA5181E94CCDA001C2525 /* About */,
				6FDEA5191E94CCDA001C2525 /* Set */,
				6FDEA4FE1E948BD0001C2525 /* ViewController.h */,
				6FDEA4FF1E948BD0001C2525 /* ViewController.m */,
				6FDEA4F51E948BD0001C2525 /* UIViewController+View.h */,
				6FDEA4F61E948BD0001C2525 /* UIViewController+View.m */,
				6FDEA4F71E948BD0001C2525 /* User */,
			);
			path = ControllerSource;
			sourceTree = "<group>";
		};
		6FDEA4F71E948BD0001C2525 /* User */ = {
			isa = PBXGroup;
			children = (
				6FDEA4F81E948BD0001C2525 /* ForgetViewController.h */,
				6FDEA4F91E948BD0001C2525 /* ForgetViewController.m */,
				6FDEA4FA1E948BD0001C2525 /* ModifyViewController.h */,
				6FDEA4FB1E948BD0001C2525 /* ModifyViewController.m */,
				6FDEA4FC1E948BD0001C2525 /* SignViewController.h */,
				6FDEA4FD1E948BD0001C2525 /* SignViewController.m */,
				6FDEA5151E94CC4B001C2525 /* MyUserController.h */,
				6FDEA5161E94CC4B001C2525 /* MyUserController.m */,
			);
			path = User;
			sourceTree = "<group>";
		};
		6FDEA5181E94CCDA001C2525 /* About */ = {
			isa = PBXGroup;
			children = (
				6F23D30B1E96101300DC15D2 /* AboutViewController.h */,
				6F23D30C1E96101300DC15D2 /* AboutViewController.m */,
				6F23D30D1E96101300DC15D2 /* AboutViewController.xib */,
			);
			path = About;
			sourceTree = "<group>";
		};
		6FDEA5191E94CCDA001C2525 /* Set */ = {
			isa = PBXGroup;
			children = (
				6FDEA51D1E94CCFF001C2525 /* SetController.h */,
				6FDEA51E1E94CCFF001C2525 /* SetController.m */,
			);
			path = Set;
			sourceTree = "<group>";
		};
		6FDEA5201E94CF9D001C2525 /* AssessDamage */ = {
			isa = PBXGroup;
			children = (
				6FDEA5251E94D01D001C2525 /* HistoryDamageController.h */,
				6FDEA5261E94D01D001C2525 /* HistoryDamageController.m */,
			);
			path = AssessDamage;
			sourceTree = "<group>";
		};
		6FDEA5211E94CF9D001C2525 /* MessageCenter */ = {
			isa = PBXGroup;
			children = (
				6FDEA5221E94CFB1001C2525 /* MessageCenterController.h */,
				6FDEA5231E94CFB1001C2525 /* MessageCenterController.m */,
			);
			path = MessageCenter;
			sourceTree = "<group>";
		};
		6FFF758D1E7FDF7F00C72937 /* Frameworks */ = {
			isa = PBXGroup;
			children = (
				6F23D33C1E966E9E00DC15D2 /* CoreGraphics.framework */,
				6F23D33A1E966E8B00DC15D2 /* MessageUI.framework */,
				6F23D3381E966E7E00DC15D2 /* Security.framework */,
				6F23D3361E966E7300DC15D2 /* JavaScriptCore.framework */,
				6F23D3341E966E6800DC15D2 /* SystemConfiguration.framework */,
				6F23D3321E966E5F00DC15D2 /* CoreTelephony.framework */,
				6F23D3301E966E5700DC15D2 /* AdSupport.framework */,
				6F23D32D1E966E3900DC15D2 /* libstdc++.tbd */,
				6F23D32B1E966E2C00DC15D2 /* libicucore.tbd */,
				6F23D3221E966D4A00DC15D2 /* libz.tbd */,
				6FFF758E1E7FDF7F00C72937 /* CoreData.framework */,
				7CF7974F6A548F5E0733AD96 /* libPods-AssessDamage.a */,
			);
			name = Frameworks;
			sourceTree = "<group>";
		};
		DAB0F1D01E7E07F400120478 = {
			isa = PBXGroup;
			children = (
				DAB0F1DB1E7E07F500120478 /* AssessDamage */,
				DAB0F1DA1E7E07F500120478 /* Products */,
				6FFF758D1E7FDF7F00C72937 /* Frameworks */,
				EEEBF7E2763774B8FB544542 /* Pods */,
			);
			sourceTree = "<group>";
		};
		DAB0F1DA1E7E07F500120478 /* Products */ = {
			isa = PBXGroup;
			children = (
				DAB0F1D91E7E07F500120478 /* AssessDamage.app */,
			);
			name = Products;
			sourceTree = "<group>";
		};
		DAB0F1DB1E7E07F500120478 /* AssessDamage */ = {
			isa = PBXGroup;
			children = (
				6FDEA5141E94A985001C2525 /* AssessDamage.entitlements */,
				6FDEA4F41E948BD0001C2525 /* ControllerSource */,
				6FDEA4E91E94863E001C2525 /* lib */,
				DAB0F2521E7E1D0D00120478 /* Tool */,
				DAB0F20A1E7E0AB000120478 /* AppDelegate */,
				DAB0F20D1E7E0AB000120478 /* Base */,
				DAB0F2141E7E0AB000120478 /* DBCache */,
				DAB0F2171E7E0AB000120478 /* Extend */,
				DAB0F1E51E7E07F500120478 /* Main.storyboard */,
				DAB0F1EB1E7E07F500120478 /* Assets.xcassets */,
				DAB0F1ED1E7E07F500120478 /* LaunchScreen.storyboard */,
				DAB0F1F01E7E07F500120478 /* Info.plist */,
				DAB0F1DC1E7E07F500120478 /* Supporting Files */,
				6FFF75D31E80D52A00C72937 /* AssessDamage.xcdatamodeld */,
			);
			path = AssessDamage;
			sourceTree = "<group>";
		};
		DAB0F1DC1E7E07F500120478 /* Supporting Files */ = {
			isa = PBXGroup;
			children = (
				DAB0F1DD1E7E07F500120478 /* main.m */,
				DAB0F24C1E7E16E000120478 /* PrefixHeader.pch */,
			);
			name = "Supporting Files";
			sourceTree = "<group>";
		};
		DAB0F20A1E7E0AB000120478 /* AppDelegate */ = {
			isa = PBXGroup;
			children = (
				DAB0F20B1E7E0AB000120478 /* AppDelegate.h */,
				DAB0F20C1E7E0AB000120478 /* AppDelegate.m */,
				6FDEA50B1E949ECC001C2525 /* AppDelegate+JPush.h */,
				6FDEA50C1E949ECC001C2525 /* AppDelegate+JPush.m */,
			);
			path = AppDelegate;
			sourceTree = "<group>";
		};
		DAB0F20D1E7E0AB000120478 /* Base */ = {
			isa = PBXGroup;
			children = (
				6F50DCBE1E87A5C800FEAAD6 /* Lostdamage */,
				DAB0F20E1E7E0AB000120478 /* Controller */,
				DAB0F20F1E7E0AB000120478 /* Model */,
				DAB0F2101E7E0AB000120478 /* View */,
			);
			path = Base;
			sourceTree = "<group>";
		};
		DAB0F20E1E7E0AB000120478 /* Controller */ = {
			isa = PBXGroup;
			children = (
				DAB0F2241E7E0B4000120478 /* BaseC.h */,
				DAB0F2251E7E0B4000120478 /* BaseC.m */,
				6F23D3101E96113700DC15D2 /* BaseTabC.h */,
				6F23D3111E96113700DC15D2 /* BaseTabC.m */,
			);
			path = Controller;
			sourceTree = "<group>";
		};
		DAB0F20F1E7E0AB000120478 /* Model */ = {
			isa = PBXGroup;
			children = (
				DAB0F2501E7E1A1600120478 /* Config.plist */,
				DAB0F21E1E7E0B1000120478 /* BaseM.h */,
				DAB0F21F1E7E0B1000120478 /* BaseM.m */,
				DAB0F2481E7E16A100120478 /* sub */,
			);
			path = Model;
			sourceTree = "<group>";
		};
		DAB0F2101E7E0AB000120478 /* View */ = {
			isa = PBXGroup;
			children = (
				DAB0F2211E7E0B2700120478 /* BaseV.h */,
				DAB0F2221E7E0B2700120478 /* BaseV.m */,
			);
			path = View;
			sourceTree = "<group>";
		};
		DAB0F2141E7E0AB000120478 /* DBCache */ = {
			isa = PBXGroup;
			children = (
				6F7051301E80F8E600272550 /* CoreData.h */,
				6F7051311E80F8E600272550 /* CoreData.m */,
				6F4F95221E8E28C70053F9EB /* ErrorLog+CoreDataClass.h */,
				6F4F95231E8E28C70053F9EB /* ErrorLog+CoreDataClass.m */,
				6F4F95241E8E28C70053F9EB /* ErrorLog+CoreDataProperties.h */,
				6F4F95251E8E28C70053F9EB /* ErrorLog+CoreDataProperties.m */,
				6F70512A1E80F87600272550 /* Cache+CoreDataClass.h */,
				6F70512B1E80F87600272550 /* Cache+CoreDataClass.m */,
				6F70512C1E80F87600272550 /* Cache+CoreDataProperties.h */,
				6F70512D1E80F87600272550 /* Cache+CoreDataProperties.m */,
				6F7051241E80F66D00272550 /* User+CoreDataClass.h */,
				6F7051251E80F66D00272550 /* User+CoreDataClass.m */,
				6F7051261E80F66D00272550 /* User+CoreDataProperties.h */,
				6F7051271E80F66D00272550 /* User+CoreDataProperties.m */,
			);
			path = DBCache;
			sourceTree = "<group>";
		};
		DAB0F2171E7E0AB000120478 /* Extend */ = {
			isa = PBXGroup;
			children = (
				6FA012081E8734090003E649 /* NSTimer+PauseTimerEMDT.h */,
				6FA012091E8734090003E649 /* NSTimer+PauseTimerEMDT.m */,
				DAB0F24D1E7E185D00120478 /* NSObject+Property.h */,
				DAB0F24E1E7E185D00120478 /* NSObject+Property.m */,
				6F07B15A1E812CDE00D7E221 /* NSString+Category.h */,
				6F07B15B1E812CDE00D7E221 /* NSString+Category.m */,
				6F07B1601E812EE600D7E221 /* UIView+Category.h */,
				6F07B1611E812EE600D7E221 /* UIView+Category.m */,
				6F594CA21E84F1C9005F9B24 /* UIImageView+Size.h */,
				6F594CA31E84F1C9005F9B24 /* UIImageView+Size.m */,
				6F594CA51E84F2C3005F9B24 /* UILabel+Category.h */,
				6F594CA61E84F2C3005F9B24 /* UILabel+Category.m */,
			);
			path = Extend;
			sourceTree = "<group>";
		};
		DAB0F2481E7E16A100120478 /* sub */ = {
			isa = PBXGroup;
			children = (
				DAB0F2491E7E16BC00120478 /* MyUser.h */,
				DAB0F24A1E7E16BC00120478 /* MyUser.m */,
			);
			path = sub;
			sourceTree = "<group>";
		};
		DAB0F2521E7E1D0D00120478 /* Tool */ = {
			isa = PBXGroup;
			children = (
				DAB0F2531E7E1D1D00120478 /* Tool.h */,
				DAB0F2541E7E1D1D00120478 /* Tool.m */,
				6F07B15D1E812EB300D7E221 /* Factory.h */,
				6F07B15E1E812EB300D7E221 /* Factory.m */,
				6F594C9E1E84EF03005F9B24 /* Define.h */,
				6FDEA4F11E948991001C2525 /* Verification.h */,
				6FDEA4F21E948991001C2525 /* Verification.m */,
			);
			path = Tool;
			sourceTree = "<group>";
		};
		EEEBF7E2763774B8FB544542 /* Pods */ = {
			isa = PBXGroup;
			children = (
				431DCED361E5037F7C298A19 /* Pods-AssessDamage.debug.xcconfig */,
				750C155D781C3EFECB2ABF55 /* Pods-AssessDamage.release.xcconfig */,
			);
			name = Pods;
			sourceTree = "<group>";
		};
/* End PBXGroup section */

/* Begin PBXNativeTarget section */
		DAB0F1D81E7E07F400120478 /* AssessDamage */ = {
			isa = PBXNativeTarget;
			buildConfigurationList = DAB0F1F31E7E07F500120478 /* Build configuration list for PBXNativeTarget "AssessDamage" */;
			buildPhases = (
				229AD8F27A0963AFF94C1170 /* [CP] Check Pods Manifest.lock */,
				DAB0F1D51E7E07F400120478 /* Sources */,
				DAB0F1D61E7E07F400120478 /* Frameworks */,
				DAB0F1D71E7E07F400120478 /* Resources */,
				76A4EE2382CAEF19B35DA574 /* [CP] Embed Pods Frameworks */,
				85A0B8442FBCA786A3B6FC94 /* [CP] Copy Pods Resources */,
			);
			buildRules = (
			);
			dependencies = (
			);
			name = AssessDamage;
			productName = AssessDamage;
			productReference = DAB0F1D91E7E07F500120478 /* AssessDamage.app */;
			productType = "com.apple.product-type.application";
		};
/* End PBXNativeTarget section */

/* Begin PBXProject section */
		DAB0F1D11E7E07F400120478 /* Project object */ = {
			isa = PBXProject;
			attributes = {
				LastUpgradeCheck = 0820;
				ORGANIZATIONNAME = damage;
				TargetAttributes = {
					DAB0F1D81E7E07F400120478 = {
						CreatedOnToolsVersion = 8.2.1;
						DevelopmentTeam = WC7LZN7T9K;
						ProvisioningStyle = Automatic;
						SystemCapabilities = {
							com.apple.Keychain = {
								enabled = 1;
							};
						};
					};
				};
			};
			buildConfigurationList = DAB0F1D41E7E07F400120478 /* Build configuration list for PBXProject "AssessDamage" */;
			compatibilityVersion = "Xcode 3.2";
			developmentRegion = English;
			hasScannedForEncodings = 0;
			knownRegions = (
				en,
				Base,
			);
			mainGroup = DAB0F1D01E7E07F400120478;
			productRefGroup = DAB0F1DA1E7E07F500120478 /* Products */;
			projectDirPath = "";
			projectRoot = "";
			targets = (
				DAB0F1D81E7E07F400120478 /* AssessDamage */,
			);
		};
/* End PBXProject section */

/* Begin PBXResourcesBuildPhase section */
		DAB0F1D71E7E07F400120478 /* Resources */ = {
			isa = PBXResourcesBuildPhase;
			buildActionMask = 2147483647;
			files = (
				DAB0F2511E7E1A1600120478 /* Config.plist in Resources */,
				6F23D30F1E96101300DC15D2 /* AboutViewController.xib in Resources */,
				6F23D3291E966DE500DC15D2 /* SMSSDKUI.bundle in Resources */,
				DAB0F1EF1E7E07F500120478 /* LaunchScreen.storyboard in Resources */,
				DAB0F1EC1E7E07F500120478 /* Assets.xcassets in Resources */,
				6F4F951B1E8D28970053F9EB /* NoBrand.plist in Resources */,
				6F4F95191E8D17F90053F9EB /* StandardWorkHours.plist in Resources */,
				DAB0F1E71E7E07F500120478 /* Main.storyboard in Resources */,
			);
			runOnlyForDeploymentPostprocessing = 0;
		};
/* End PBXResourcesBuildPhase section */

/* Begin PBXShellScriptBuildPhase section */
		229AD8F27A0963AFF94C1170 /* [CP] Check Pods Manifest.lock */ = {
			isa = PBXShellScriptBuildPhase;
			buildActionMask = 2147483647;
			files = (
			);
			inputPaths = (
			);
			name = "[CP] Check Pods Manifest.lock";
			outputPaths = (
			);
			runOnlyForDeploymentPostprocessing = 0;
			shellPath = /bin/sh;
			shellScript = "diff \"${PODS_ROOT}/../Podfile.lock\" \"${PODS_ROOT}/Manifest.lock\" > /dev/null\nif [ $? != 0 ] ; then\n    # print error to STDERR\n    echo \"error: The sandbox is not in sync with the Podfile.lock. Run 'pod install' or update your CocoaPods installation.\" >&2\n    exit 1\nfi\n";
			showEnvVarsInLog = 0;
		};
		76A4EE2382CAEF19B35DA574 /* [CP] Embed Pods Frameworks */ = {
			isa = PBXShellScriptBuildPhase;
			buildActionMask = 2147483647;
			files = (
			);
			inputPaths = (
			);
			name = "[CP] Embed Pods Frameworks";
			outputPaths = (
			);
			runOnlyForDeploymentPostprocessing = 0;
			shellPath = /bin/sh;
			shellScript = "\"${SRCROOT}/Pods/Target Support Files/Pods-AssessDamage/Pods-AssessDamage-frameworks.sh\"\n";
			showEnvVarsInLog = 0;
		};
		85A0B8442FBCA786A3B6FC94 /* [CP] Copy Pods Resources */ = {
			isa = PBXShellScriptBuildPhase;
			buildActionMask = 2147483647;
			files = (
			);
			inputPaths = (
			);
			name = "[CP] Copy Pods Resources";
			outputPaths = (
			);
			runOnlyForDeploymentPostprocessing = 0;
			shellPath = /bin/sh;
			shellScript = "\"${SRCROOT}/Pods/Target Support Files/Pods-AssessDamage/Pods-AssessDamage-resources.sh\"\n";
			showEnvVarsInLog = 0;
		};
/* End PBXShellScriptBuildPhase section */

/* Begin PBXSourcesBuildPhase section */
		DAB0F1D51E7E07F400120478 /* Sources */ = {
			isa = PBXSourcesBuildPhase;
			buildActionMask = 2147483647;
			files = (
				6F07B15F1E812EB300D7E221 /* Factory.m in Sources */,
				6FDEA5011E948BD0001C2525 /* ForgetViewController.m in Sources */,
				6FDEA50D1E949ECC001C2525 /* AppDelegate+JPush.m in Sources */,
				6F4F95121E8CEE1B0053F9EB /* ManagementBrand.m in Sources */,
				6F4F95261E8E28C70053F9EB /* ErrorLog+CoreDataClass.m in Sources */,
				6F4F95271E8E28C70053F9EB /* ErrorLog+CoreDataProperties.m in Sources */,
				6F50DCC11E87A5C800FEAAD6 /* Lostdamage.m in Sources */,
				DAB0F24F1E7E185D00120478 /* NSObject+Property.m in Sources */,
				6FFF75D51E80D52A00C72937 /* AssessDamage.xcdatamodeld in Sources */,
				6FDEA5241E94CFB1001C2525 /* MessageCenterController.m in Sources */,
				6F23D3191E9668C200DC15D2 /* SMSUIVerificationCodeViewController.m in Sources */,
				6FDEA4F01E94863E001C2525 /* UIView+Ext.m in Sources */,
				6FDEA51F1E94CCFF001C2525 /* SetController.m in Sources */,
				6FDEA4F31E948991001C2525 /* Verification.m in Sources */,
				6F7051281E80F66D00272550 /* User+CoreDataClass.m in Sources */,
				DAB0F2201E7E0B1000120478 /* BaseM.m in Sources */,
				DAB0F2181E7E0AB000120478 /* AppDelegate.m in Sources */,
				6FDEA4EF1E94863E001C2525 /* SlideView.m in Sources */,
				6F23D3121E96113700DC15D2 /* BaseTabC.m in Sources */,
				6F70512F1E80F87600272550 /* Cache+CoreDataProperties.m in Sources */,
				6F594CA71E84F2C3005F9B24 /* UILabel+Category.m in Sources */,
				6F7051291E80F66D00272550 /* User+CoreDataProperties.m in Sources */,
				6F7051321E80F8E600272550 /* CoreData.m in Sources */,
				6F23D31E1E966B7100DC15D2 /* RegViewController.m in Sources */,
				6FDEA5041E948BD0001C2525 /* ViewController.m in Sources */,
				6F4F950F1E8CEDFE0053F9EB /* RepairFactory4S.m in Sources */,
				6F07B1621E812EE600D7E221 /* UIView+Category.m in Sources */,
				6F23D30E1E96101300DC15D2 /* AboutViewController.m in Sources */,
				DAB0F2261E7E0B4000120478 /* BaseC.m in Sources */,
				6F4F95091E8CEDC80053F9EB /* Car.m in Sources */,
				6FDEA5001E948BD0001C2525 /* UIViewController+View.m in Sources */,
				DAB0F2231E7E0B2700120478 /* BaseV.m in Sources */,
				6F70512E1E80F87600272550 /* Cache+CoreDataClass.m in Sources */,
				DAB0F2551E7E1D1D00120478 /* Tool.m in Sources */,
				6F23D33F1E966EE500DC15D2 /* SectionsViewController.m in Sources */,
				6FDEA5021E948BD0001C2525 /* ModifyViewController.m in Sources */,
				6F4F950C1E8CEDDF0053F9EB /* LostItem.m in Sources */,
				DAB0F24B1E7E16BC00120478 /* MyUser.m in Sources */,
				6F594CA41E84F1C9005F9B24 /* UIImageView+Size.m in Sources */,
				DAB0F1DE1E7E07F500120478 /* main.m in Sources */,
				6FDEA5031E948BD0001C2525 /* SignViewController.m in Sources */,
				6FDEA5171E94CC4B001C2525 /* MyUserController.m in Sources */,
				6F4F95151E8D11B60053F9EB /* ConfigData.m in Sources */,
				6FA0120A1E8734090003E649 /* NSTimer+PauseTimerEMDT.m in Sources */,
				6FDEA5271E94D01D001C2525 /* HistoryDamageController.m in Sources */,
				6F07B15C1E812CDE00D7E221 /* NSString+Category.m in Sources */,
				6F23D31F1E966B7100DC15D2 /* VerifyViewController.m in Sources */,
			);
			runOnlyForDeploymentPostprocessing = 0;
		};
/* End PBXSourcesBuildPhase section */

/* Begin PBXVariantGroup section */
		DAB0F1E51E7E07F500120478 /* Main.storyboard */ = {
			isa = PBXVariantGroup;
			children = (
				DAB0F1E61E7E07F500120478 /* Base */,
			);
			name = Main.storyboard;
			sourceTree = "<group>";
		};
		DAB0F1ED1E7E07F500120478 /* LaunchScreen.storyboard */ = {
			isa = PBXVariantGroup;
			children = (
				DAB0F1EE1E7E07F500120478 /* Base */,
			);
			name = LaunchScreen.storyboard;
			sourceTree = "<group>";
		};
/* End PBXVariantGroup section */

/* Begin XCBuildConfiguration section */
		DAB0F1F11E7E07F500120478 /* Debug */ = {
			isa = XCBuildConfiguration;
			buildSettings = {
				ALWAYS_SEARCH_USER_PATHS = NO;
				CLANG_ANALYZER_NONNULL = YES;
				CLANG_CXX_LANGUAGE_STANDARD = "gnu++0x";
				CLANG_CXX_LIBRARY = "libc++";
				CLANG_ENABLE_MODULES = YES;
				CLANG_ENABLE_OBJC_ARC = YES;
				CLANG_WARN_BOOL_CONVERSION = YES;
				CLANG_WARN_CONSTANT_CONVERSION = YES;
				CLANG_WARN_DIRECT_OBJC_ISA_USAGE = YES_ERROR;
				CLANG_WARN_DOCUMENTATION_COMMENTS = YES;
				CLANG_WARN_EMPTY_BODY = YES;
				CLANG_WARN_ENUM_CONVERSION = YES;
				CLANG_WARN_INFINITE_RECURSION = YES;
				CLANG_WARN_INT_CONVERSION = YES;
				CLANG_WARN_OBJC_ROOT_CLASS = YES_ERROR;
				CLANG_WARN_SUSPICIOUS_MOVE = YES;
				CLANG_WARN_UNREACHABLE_CODE = YES;
				CLANG_WARN__DUPLICATE_METHOD_MATCH = YES;
				"CODE_SIGN_IDENTITY[sdk=iphoneos*]" = "iPhone Developer";
				COPY_PHASE_STRIP = NO;
				DEBUG_INFORMATION_FORMAT = dwarf;
				ENABLE_STRICT_OBJC_MSGSEND = YES;
				ENABLE_TESTABILITY = YES;
				GCC_C_LANGUAGE_STANDARD = gnu99;
				GCC_DYNAMIC_NO_PIC = NO;
				GCC_NO_COMMON_BLOCKS = YES;
				GCC_OPTIMIZATION_LEVEL = 0;
				GCC_PREPROCESSOR_DEFINITIONS = (
					"DEBUG=1",
					"$(inherited)",
				);
				GCC_WARN_64_TO_32_BIT_CONVERSION = YES;
				GCC_WARN_ABOUT_RETURN_TYPE = YES_ERROR;
				GCC_WARN_UNDECLARED_SELECTOR = YES;
				GCC_WARN_UNINITIALIZED_AUTOS = YES_AGGRESSIVE;
				GCC_WARN_UNUSED_FUNCTION = YES;
				GCC_WARN_UNUSED_VARIABLE = YES;
				IPHONEOS_DEPLOYMENT_TARGET = 10.2;
				MTL_ENABLE_DEBUG_INFO = YES;
				ONLY_ACTIVE_ARCH = YES;
				SDKROOT = iphoneos;
				TARGETED_DEVICE_FAMILY = "1,2";
			};
			name = Debug;
		};
		DAB0F1F21E7E07F500120478 /* Release */ = {
			isa = XCBuildConfiguration;
			buildSettings = {
				ALWAYS_SEARCH_USER_PATHS = NO;
				CLANG_ANALYZER_NONNULL = YES;
				CLANG_CXX_LANGUAGE_STANDARD = "gnu++0x";
				CLANG_CXX_LIBRARY = "libc++";
				CLANG_ENABLE_MODULES = YES;
				CLANG_ENABLE_OBJC_ARC = YES;
				CLANG_WARN_BOOL_CONVERSION = YES;
				CLANG_WARN_CONSTANT_CONVERSION = YES;
				CLANG_WARN_DIRECT_OBJC_ISA_USAGE = YES_ERROR;
				CLANG_WARN_DOCUMENTATION_COMMENTS = YES;
				CLANG_WARN_EMPTY_BODY = YES;
				CLANG_WARN_ENUM_CONVERSION = YES;
				CLANG_WARN_INFINITE_RECURSION = YES;
				CLANG_WARN_INT_CONVERSION = YES;
				CLANG_WARN_OBJC_ROOT_CLASS = YES_ERROR;
				CLANG_WARN_SUSPICIOUS_MOVE = YES;
				CLANG_WARN_UNREACHABLE_CODE = YES;
				CLANG_WARN__DUPLICATE_METHOD_MATCH = YES;
				"CODE_SIGN_IDENTITY[sdk=iphoneos*]" = "iPhone Developer";
				COPY_PHASE_STRIP = NO;
				DEBUG_INFORMATION_FORMAT = "dwarf-with-dsym";
				ENABLE_NS_ASSERTIONS = NO;
				ENABLE_STRICT_OBJC_MSGSEND = YES;
				GCC_C_LANGUAGE_STANDARD = gnu99;
				GCC_NO_COMMON_BLOCKS = YES;
				GCC_WARN_64_TO_32_BIT_CONVERSION = YES;
				GCC_WARN_ABOUT_RETURN_TYPE = YES_ERROR;
				GCC_WARN_UNDECLARED_SELECTOR = YES;
				GCC_WARN_UNINITIALIZED_AUTOS = YES_AGGRESSIVE;
				GCC_WARN_UNUSED_FUNCTION = YES;
				GCC_WARN_UNUSED_VARIABLE = YES;
				IPHONEOS_DEPLOYMENT_TARGET = 10.2;
				MTL_ENABLE_DEBUG_INFO = NO;
				SDKROOT = iphoneos;
				TARGETED_DEVICE_FAMILY = "1,2";
				VALIDATE_PRODUCT = YES;
			};
			name = Release;
		};
		DAB0F1F41E7E07F500120478 /* Debug */ = {
			isa = XCBuildConfiguration;
			baseConfigurationReference = 431DCED361E5037F7C298A19 /* Pods-AssessDamage.debug.xcconfig */;
			buildSettings = {
				ASSETCATALOG_COMPILER_APPICON_NAME = AppIcon;
				CODE_SIGN_ENTITLEMENTS = AssessDamage/AssessDamage.entitlements;
				"CODE_SIGN_IDENTITY[sdk=iphoneos*]" = "iPhone Developer";
				DEVELOPMENT_TEAM = WC7LZN7T9K;
				ENABLE_BITCODE = YES;
				FRAMEWORK_SEARCH_PATHS = (
					"$(inherited)",
					"$(PROJECT_DIR)/AssessDamage/lib/SMSSDK",
				);
				GCC_PREFIX_HEADER = AssessDamage/PrefixHeader.pch;
				INFOPLIST_FILE = AssessDamage/Info.plist;
				LD_RUNPATH_SEARCH_PATHS = "$(inherited) @executable_path/Frameworks";
				LIBRARY_SEARCH_PATHS = (
					"$(inherited)",
					"$(PROJECT_DIR)/AssessDamage/lib/JsmsSDK",
				);
				OTHER_LDFLAGS = "$(inherited)";
				PRODUCT_BUNDLE_IDENTIFIER = com.song.AssessDamage;
				PRODUCT_NAME = "$(TARGET_NAME)";
				PROVISIONING_PROFILE_SPECIFIER = "";
			};
			name = Debug;
		};
		DAB0F1F51E7E07F500120478 /* Release */ = {
			isa = XCBuildConfiguration;
			baseConfigurationReference = 750C155D781C3EFECB2ABF55 /* Pods-AssessDamage.release.xcconfig */;
			buildSettings = {
				ASSETCATALOG_COMPILER_APPICON_NAME = AppIcon;
				CODE_SIGN_ENTITLEMENTS = AssessDamage/AssessDamage.entitlements;
				"CODE_SIGN_IDENTITY[sdk=iphoneos*]" = "iPhone Developer";
				DEVELOPMENT_TEAM = WC7LZN7T9K;
				ENABLE_BITCODE = YES;
				FRAMEWORK_SEARCH_PATHS = (
					"$(inherited)",
					"$(PROJECT_DIR)/AssessDamage/lib/SMSSDK",
				);
				GCC_PREFIX_HEADER = AssessDamage/PrefixHeader.pch;
				INFOPLIST_FILE = AssessDamage/Info.plist;
				LD_RUNPATH_SEARCH_PATHS = "$(inherited) @executable_path/Frameworks";
				LIBRARY_SEARCH_PATHS = (
					"$(inherited)",
					"$(PROJECT_DIR)/AssessDamage/lib/JsmsSDK",
				);
				OTHER_LDFLAGS = "$(inherited)";
				PRODUCT_BUNDLE_IDENTIFIER = com.song.AssessDamage;
				PRODUCT_NAME = "$(TARGET_NAME)";
				PROVISIONING_PROFILE_SPECIFIER = "";
			};
			name = Release;
		};
/* End XCBuildConfiguration section */

/* Begin XCConfigurationList section */
		DAB0F1D41E7E07F400120478 /* Build configuration list for PBXProject "AssessDamage" */ = {
			isa = XCConfigurationList;
			buildConfigurations = (
				DAB0F1F11E7E07F500120478 /* Debug */,
				DAB0F1F21E7E07F500120478 /* Release */,
			);
			defaultConfigurationIsVisible = 0;
			defaultConfigurationName = Release;
		};
		DAB0F1F31E7E07F500120478 /* Build configuration list for PBXNativeTarget "AssessDamage" */ = {
			isa = XCConfigurationList;
			buildConfigurations = (
				DAB0F1F41E7E07F500120478 /* Debug */,
				DAB0F1F51E7E07F500120478 /* Release */,
			);
			defaultConfigurationIsVisible = 0;
			defaultConfigurationName = Release;
		};
/* End XCConfigurationList section */

/* Begin XCVersionGroup section */
		6FFF75D31E80D52A00C72937 /* AssessDamage.xcdatamodeld */ = {
			isa = XCVersionGroup;
			children = (
				6F7051231E80F52600272550 /* AssessDamage2.xcdatamodel */,
				6FFF75D41E80D52A00C72937 /* AssessDamage.xcdatamodel */,
			);
			currentVersion = 6FFF75D41E80D52A00C72937 /* AssessDamage.xcdatamodel */;
			path = AssessDamage.xcdatamodeld;
			sourceTree = "<group>";
			versionGroupType = wrapper.xcdatamodel;
		};
/* End XCVersionGroup section */
	};
	rootObject = DAB0F1D11E7E07F400120478 /* Project object */;
}
